
Microsoft Visual Studio Solution File, Format Version 12.00
# Visual Studio Version 17
VisualStudioVersion = 17.14.36408.4 d17.14
MinimumVisualStudioVersion = 10.0.40219.1
Project("{8BC9CEB8-8B4A-11D0-8D11-00A0C91BC942}") = "i386-emulator", "i386-emulator\i386-emulator.vcxproj", "{7F3EE278-12B9-4130-8947-86EF66FDA4C8}"
EndProject
Global
	GlobalSection(SolutionConfigurationPlatforms) = preSolution
		Debug|x64 = Debug|x64
		Debug|x86 = Debug|x86
		Release|x64 = Release|x64
		Release|x86 = Release|x86
	EndGlobalSection
	GlobalSection(ProjectConfigurationPlatforms) = postSolution
		{7F3EE278-12B9-4130-8947-86EF66FDA4C8}.Debug|x64.ActiveCfg = Debug|x64
		{7F3EE278-12B9-4130-8947-86EF66FDA4C8}.Debug|x64.Build.0 = Debug|x64
		{7F3EE278-12B9-4130-8947-86EF66FDA4C8}.Debug|x86.ActiveCfg = Debug|Win32
		{7F3EE278-12B9-4130-8947-86EF66FDA4C8}.Debug|x86.Build.0 = Debug|Win32
		{7F3EE278-12B9-4130-8947-86EF66FDA4C8}.Release|x64.ActiveCfg = Release|x64
		{7F3EE278-12B9-4130-8947-86EF66FDA4C8}.Release|x64.Build.0 = Release|x64
		{7F3EE278-12B9-4130-8947-86EF66FDA4C8}.Release|x86.ActiveCfg = Release|Win32
		{7F3EE278-12B9-4130-8947-86EF66FDA4C8}.Release|x86.Build.0 = Release|Win32
	EndGlobalSection
	GlobalSection(SolutionProperties) = preSolution
		HideSolutionNode = FALSE
	EndGlobalSection
	GlobalSection(ExtensibilityGlobals) = postSolution
		SolutionGuid = {C612C166-8FD8-473F-91D6-FBAA025B1181}
	EndGlobalSection
EndGlobal
